
Microsoft Visual Studio Solution File, Format Version 12.00
# Visual Studio 15
VisualStudioVersion = 15.0.27428.2011
MinimumVisualStudioVersion = 10.0.40219.1
Project("{FAE04EC0-301F-11D3-BF4B-00C04F79EFBC}") = "Railminder.Android", "Railminder\Railminder.Android\Railminder.Android.csproj", "{214A091A-8AC7-47B4-AC08-0CC67D2B5850}"
EndProject
Project("{FAE04EC0-301F-11D3-BF4B-00C04F79EFBC}") = "Railminder.iOS", "Railminder\Railminder.iOS\Railminder.iOS.csproj", "{77603D33-7D8D-42C3-BC93-B4B4196F31D1}"
EndProject
Project("{FAE04EC0-301F-11D3-BF4B-00C04F79EFBC}") = "Railminder", "Railminder\Railminder\Railminder.csproj", "{6E56C21B-1E65-447F-86D3-471E222A76B5}"
EndProject
Global
	GlobalSection(SolutionConfigurationPlatforms) = preSolution
		Ad-Hoc|Any CPU = Ad-Hoc|Any CPU
		Ad-Hoc|iPhone = Ad-Hoc|iPhone
		Ad-Hoc|iPhoneSimulator = Ad-Hoc|iPhoneSimulator
		AppStore|Any CPU = AppStore|Any CPU
		AppStore|iPhone = AppStore|iPhone
		AppStore|iPhoneSimulator = AppStore|iPhoneSimulator
		Debug|Any CPU = Debug|Any CPU
		Debug|iPhone = Debug|iPhone
		Debug|iPhoneSimulator = Debug|iPhoneSimulator
		Release|Any CPU = Release|Any CPU
		Release|iPhone = Release|iPhone
		Release|iPhoneSimulator = Release|iPhoneSimulator
	EndGlobalSection
	GlobalSection(ProjectConfigurationPlatforms) = postSolution
		{214A091A-8AC7-47B4-AC08-0CC67D2B5850}.Ad-Hoc|Any CPU.ActiveCfg = Release|Any CPU
		{214A091A-8AC7-47B4-AC08-0CC67D2B5850}.Ad-Hoc|Any CPU.Build.0 = Release|Any CPU
		{214A091A-8AC7-47B4-AC08-0CC67D2B5850}.Ad-Hoc|Any CPU.Deploy.0 = Release|Any CPU
		{214A091A-8AC7-47B4-AC08-0CC67D2B5850}.Ad-Hoc|iPhone.ActiveCfg = Release|Any CPU
		{214A091A-8AC7-47B4-AC08-0CC67D2B5850}.Ad-Hoc|iPhone.Build.0 = Release|Any CPU
		{214A091A-8AC7-47B4-AC08-0CC67D2B5850}.Ad-Hoc|iPhone.Deploy.0 = Release|Any CPU
		{214A091A-8AC7-47B4-AC08-0CC67D2B5850}.Ad-Hoc|iPhoneSimulator.ActiveCfg = Release|Any CPU
		{214A091A-8AC7-47B4-AC08-0CC67D2B5850}.Ad-Hoc|iPhoneSimulator.Build.0 = Release|Any CPU
		{214A091A-8AC7-47B4-AC08-0CC67D2B5850}.Ad-Hoc|iPhoneSimulator.Deploy.0 = Release|Any CPU
		{214A091A-8AC7-47B4-AC08-0CC67D2B5850}.AppStore|Any CPU.ActiveCfg = Release|Any CPU
		{214A091A-8AC7-47B4-AC08-0CC67D2B5850}.AppStore|Any CPU.Build.0 = Release|Any CPU
		{214A091A-8AC7-47B4-AC08-0CC67D2B5850}.AppStore|Any CPU.Deploy.0 = Release|Any CPU
		{214A091A-8AC7-47B4-AC08-0CC67D2B5850}.AppStore|iPhone.ActiveCfg = Release|Any CPU
		{214A091A-8AC7-47B4-AC08-0CC67D2B5850}.AppStore|iPhone.Build.0 = Release|Any CPU
		{214A091A-8AC7-47B4-AC08-0CC67D2B5850}.AppStore|iPhone.Deploy.0 = Release|Any CPU
		{214A091A-8AC7-47B4-AC08-0CC67D2B5850}.AppStore|iPhoneSimulator.ActiveCfg = Release|Any CPU
		{214A091A-8AC7-47B4-AC08-0CC67D2B5850}.AppStore|iPhoneSimulator.Build.0 = Release|Any CPU
		{214A091A-8AC7-47B4-AC08-0CC67D2B5850}.AppStore|iPhoneSimulator.Deploy.0 = Release|Any CPU
		{214A091A-8AC7-47B4-AC08-0CC67D2B5850}.Debug|Any CPU.ActiveCfg = Debug|Any CPU
		{214A091A-8AC7-47B4-AC08-0CC67D2B5850}.Debug|Any CPU.Build.0 = Debug|Any CPU
		{214A091A-8AC7-47B4-AC08-0CC67D2B5850}.Debug|Any CPU.Deploy.0 = Debug|Any CPU
		{214A091A-8AC7-47B4-AC08-0CC67D2B5850}.Debug|iPhone.ActiveCfg = Debug|Any CPU
		{214A091A-8AC7-47B4-AC08-0CC67D2B5850}.Debug|iPhone.Build.0 = Debug|Any CPU
		{214A091A-8AC7-47B4-AC08-0CC67D2B5850}.Debug|iPhone.Deploy.0 = Debug|Any CPU
		{214A091A-8AC7-47B4-AC08-0CC67D2B5850}.Debug|iPhoneSimulator.ActiveCfg = Debug|Any CPU
		{214A091A-8AC7-47B4-AC08-0CC67D2B5850}.Debug|iPhoneSimulator.Build.0 = Debug|Any CPU
		{214A091A-8AC7-47B4-AC08-0CC67D2B5850}.Debug|iPhoneSimulator.Deploy.0 = Debug|Any CPU
		{214A091A-8AC7-47B4-AC08-0CC67D2B5850}.Release|Any CPU.ActiveCfg = Release|Any CPU
		{214A091A-8AC7-47B4-AC08-0CC67D2B5850}.Release|Any CPU.Build.0 = Release|Any CPU
		{214A091A-8AC7-47B4-AC08-0CC67D2B5850}.Release|Any CPU.Deploy.0 = Release|Any CPU
		{214A091A-8AC7-47B4-AC08-0CC67D2B5850}.Release|iPhone.ActiveCfg = Release|Any CPU
		{214A091A-8AC7-47B4-AC08-0CC67D2B5850}.Release|iPhone.Build.0 = Release|Any CPU
		{214A091A-8AC7-47B4-AC08-0CC67D2B5850}.Release|iPhone.Deploy.0 = Release|Any CPU
		{214A091A-8AC7-47B4-AC08-0CC67D2B5850}.Release|iPhoneSimulator.ActiveCfg = Release|Any CPU
		{214A091A-8AC7-47B4-AC08-0CC67D2B5850}.Release|iPhoneSimulator.Build.0 = Release|Any CPU
		{214A091A-8AC7-47B4-AC08-0CC67D2B5850}.Release|iPhoneSimulator.Deploy.0 = Release|Any CPU
		{77603D33-7D8D-42C3-BC93-B4B4196F31D1}.Ad-Hoc|Any CPU.ActiveCfg = Ad-Hoc|iPhone
		{77603D33-7D8D-42C3-BC93-B4B4196F31D1}.Ad-Hoc|iPhone.ActiveCfg = Ad-Hoc|iPhone
		{77603D33-7D8D-42C3-BC93-B4B4196F31D1}.Ad-Hoc|iPhone.Build.0 = Ad-Hoc|iPhone
		{77603D33-7D8D-42C3-BC93-B4B4196F31D1}.Ad-Hoc|iPhoneSimulator.ActiveCfg = Ad-Hoc|iPhoneSimulator
		{77603D33-7D8D-42C3-BC93-B4B4196F31D1}.Ad-Hoc|iPhoneSimulator.Build.0 = Ad-Hoc|iPhoneSimulator
		{77603D33-7D8D-42C3-BC93-B4B4196F31D1}.AppStore|Any CPU.ActiveCfg = AppStore|iPhone
		{77603D33-7D8D-42C3-BC93-B4B4196F31D1}.AppStore|iPhone.ActiveCfg = AppStore|iPhone
		{77603D33-7D8D-42C3-BC93-B4B4196F31D1}.AppStore|iPhone.Build.0 = AppStore|iPhone
		{77603D33-7D8D-42C3-BC93-B4B4196F31D1}.AppStore|iPhoneSimulator.ActiveCfg = AppStore|iPhoneSimulator
		{77603D33-7D8D-42C3-BC93-B4B4196F31D1}.AppStore|iPhoneSimulator.Build.0 = AppStore|iPhoneSimulator
		{77603D33-7D8D-42C3-BC93-B4B4196F31D1}.Debug|Any CPU.ActiveCfg = Debug|iPhone
		{77603D33-7D8D-42C3-BC93-B4B4196F31D1}.Debug|iPhone.ActiveCfg = Debug|iPhone
		{77603D33-7D8D-42C3-BC93-B4B4196F31D1}.Debug|iPhone.Build.0 = Debug|iPhone
		{77603D33-7D8D-42C3-BC93-B4B4196F31D1}.Debug|iPhoneSimulator.ActiveCfg = Debug|iPhoneSimulator
		{77603D33-7D8D-42C3-BC93-B4B4196F31D1}.Debug|iPhoneSimulator.Build.0 = Debug|iPhoneSimulator
		{77603D33-7D8D-42C3-BC93-B4B4196F31D1}.Release|Any CPU.ActiveCfg = Release|iPhone
		{77603D33-7D8D-42C3-BC93-B4B4196F31D1}.Release|iPhone.ActiveCfg = Release|iPhone
		{77603D33-7D8D-42C3-BC93-B4B4196F31D1}.Release|iPhone.Build.0 = Release|iPhone
		{77603D33-7D8D-42C3-BC93-B4B4196F31D1}.Release|iPhoneSimulator.ActiveCfg = Release|iPhoneSimulator
		{77603D33-7D8D-42C3-BC93-B4B4196F31D1}.Release|iPhoneSimulator.Build.0 = Release|iPhoneSimulator
		{6E56C21B-1E65-447F-86D3-471E222A76B5}.Ad-Hoc|Any CPU.ActiveCfg = Debug|Any CPU
		{6E56C21B-1E65-447F-86D3-471E222A76B5}.Ad-Hoc|Any CPU.Build.0 = Debug|Any CPU
		{6E56C21B-1E65-447F-86D3-471E222A76B5}.Ad-Hoc|iPhone.ActiveCfg = Debug|Any CPU
		{6E56C21B-1E65-447F-86D3-471E222A76B5}.Ad-Hoc|iPhone.Build.0 = Debug|Any CPU
		{6E56C21B-1E65-447F-86D3-471E222A76B5}.Ad-Hoc|iPhoneSimulator.ActiveCfg = Debug|Any CPU
		{6E56C21B-1E65-447F-86D3-471E222A76B5}.Ad-Hoc|iPhoneSimulator.Build.0 = Debug|Any CPU
		{6E56C21B-1E65-447F-86D3-471E222A76B5}.AppStore|Any CPU.ActiveCfg = Debug|Any CPU
		{6E56C21B-1E65-447F-86D3-471E222A76B5}.AppStore|Any CPU.Build.0 = Debug|Any CPU
		{6E56C21B-1E65-447F-86D3-471E222A76B5}.AppStore|iPhone.ActiveCfg = Debug|Any CPU
		{6E56C21B-1E65-447F-86D3-471E222A76B5}.AppStore|iPhone.Build.0 = Debug|Any CPU
		{6E56C21B-1E65-447F-86D3-471E222A76B5}.AppStore|iPhoneSimulator.ActiveCfg = Debug|Any CPU
		{6E56C21B-1E65-447F-86D3-471E222A76B5}.AppStore|iPhoneSimulator.Build.0 = Debug|Any CPU
		{6E56C21B-1E65-447F-86D3-471E222A76B5}.Debug|Any CPU.ActiveCfg = Debug|Any CPU
		{6E56C21B-1E65-447F-86D3-471E222A76B5}.Debug|Any CPU.Build.0 = Debug|Any CPU
		{6E56C21B-1E65-447F-86D3-471E222A76B5}.Debug|iPhone.ActiveCfg = Debug|Any CPU
		{6E56C21B-1E65-447F-86D3-471E222A76B5}.Debug|iPhone.Build.0 = Debug|Any CPU
		{6E56C21B-1E65-447F-86D3-471E222A76B5}.Debug|iPhoneSimulator.ActiveCfg = Debug|Any CPU
		{6E56C21B-1E65-447F-86D3-471E222A76B5}.Debug|iPhoneSimulator.Build.0 = Debug|Any CPU
		{6E56C21B-1E65-447F-86D3-471E222A76B5}.Release|Any CPU.ActiveCfg = Release|Any CPU
		{6E56C21B-1E65-447F-86D3-471E222A76B5}.Release|Any CPU.Build.0 = Release|Any CPU
		{6E56C21B-1E65-447F-86D3-471E222A76B5}.Release|iPhone.ActiveCfg = Release|Any CPU
		{6E56C21B-1E65-447F-86D3-471E222A76B5}.Release|iPhone.Build.0 = Release|Any CPU
		{6E56C21B-1E65-447F-86D3-471E222A76B5}.Release|iPhoneSimulator.ActiveCfg = Release|Any CPU
		{6E56C21B-1E65-447F-86D3-471E222A76B5}.Release|iPhoneSimulator.Build.0 = Release|Any CPU
	EndGlobalSection
	GlobalSection(SolutionProperties) = preSolution
		HideSolutionNode = FALSE
	EndGlobalSection
	GlobalSection(ExtensibilityGlobals) = postSolution
		SolutionGuid = {ED3A3E66-D759-4FC5-A39B-4EDC6B0D8F6C}
	EndGlobalSection
EndGlobal
